# THIS IS AN AUTOGENERATED FILE. DO NOT EDIT THIS FILE DIRECTLY.
# yarn lockfile v1


micromodal@^0.4.2:
  version "0.4.2"
  resolved "https://registry.yarnpkg.com/micromodal/-/micromodal-0.4.2.tgz#8ca34f3d5b2f6f43df173bcdc98af20256a4f07a"
  integrity sha512-tL8Z6Vi72haNUNlkhLjJJv1Q16eqUWMPAGT4RF7mwDM5DNyJXC67Yj8jw/yVgGYdhnCEBBf3X5JM3d/MpXSEKg==
